
Microsoft Visual Studio Solution File, Format Version 12.00
# Visual Studio Version 17
VisualStudioVersion = 17.1.32210.238
MinimumVisualStudioVersion = 10.0.40219.1
Project("{FAE04EC0-301F-11D3-BF4B-00C04F79EFBC}") = "konsola", "konsola\konsola.csproj", "{DB921C3A-8D5E-43DD-93EA-F8845F1D2A63}"
EndProject
Project("{FAE04EC0-301F-11D3-BF4B-00C04F79EFBC}") = "GUI", "GUI\GUI.csproj", "{20BDD550-872E-4964-B080-B9DF5FB91B63}"
EndProject
Project("{FAE04EC0-301F-11D3-BF4B-00C04F79EFBC}") = "UnitTest", "UnitTest\UnitTest.csproj", "{81FD49C9-EA5E-4188-A8E8-775694A6F085}"
EndProject
Global
	GlobalSection(SolutionConfigurationPlatforms) = preSolution
		Debug|Any CPU = Debug|Any CPU
		Release|Any CPU = Release|Any CPU
	EndGlobalSection
	GlobalSection(ProjectConfigurationPlatforms) = postSolution
		{DB921C3A-8D5E-43DD-93EA-F8845F1D2A63}.Debug|Any CPU.ActiveCfg = Debug|Any CPU
		{DB921C3A-8D5E-43DD-93EA-F8845F1D2A63}.Debug|Any CPU.Build.0 = Debug|Any CPU
		{DB921C3A-8D5E-43DD-93EA-F8845F1D2A63}.Release|Any CPU.ActiveCfg = Release|Any CPU
		{DB921C3A-8D5E-43DD-93EA-F8845F1D2A63}.Release|Any CPU.Build.0 = Release|Any CPU
		{20BDD550-872E-4964-B080-B9DF5FB91B63}.Debug|Any CPU.ActiveCfg = Debug|Any CPU
		{20BDD550-872E-4964-B080-B9DF5FB91B63}.Debug|Any CPU.Build.0 = Debug|Any CPU
		{20BDD550-872E-4964-B080-B9DF5FB91B63}.Release|Any CPU.ActiveCfg = Release|Any CPU
		{20BDD550-872E-4964-B080-B9DF5FB91B63}.Release|Any CPU.Build.0 = Release|Any CPU
		{81FD49C9-EA5E-4188-A8E8-775694A6F085}.Debug|Any CPU.ActiveCfg = Debug|Any CPU
		{81FD49C9-EA5E-4188-A8E8-775694A6F085}.Debug|Any CPU.Build.0 = Debug|Any CPU
		{81FD49C9-EA5E-4188-A8E8-775694A6F085}.Release|Any CPU.ActiveCfg = Release|Any CPU
		{81FD49C9-EA5E-4188-A8E8-775694A6F085}.Release|Any CPU.Build.0 = Release|Any CPU
	EndGlobalSection
	GlobalSection(SolutionProperties) = preSolution
		HideSolutionNode = FALSE
	EndGlobalSection
	GlobalSection(ExtensibilityGlobals) = postSolution
		SolutionGuid = {7D6CC970-763D-4989-BAD0-1CE5E9903FA1}
	EndGlobalSection
EndGlobal
